
Microsoft Visual Studio Solution File, Format Version 12.00
# Visual Studio 15
VisualStudioVersion = 15.0.28307.1169
MinimumVisualStudioVersion = 10.0.40219.1
Project("{FAE04EC0-301F-11D3-BF4B-00C04F79EFBC}") = "Wechat", "Wechat\Wechat.csproj", "{06D7F538-D35B-46D8-81B1-AE3B8ED8A822}"
EndProject
Global
	GlobalSection(SolutionConfigurationPlatforms) = preSolution
		Debug|Any CPU = Debug|Any CPU
		Release|Any CPU = Release|Any CPU
	EndGlobalSection
	GlobalSection(ProjectConfigurationPlatforms) = postSolution
		{06D7F538-D35B-46D8-81B1-AE3B8ED8A822}.Debug|Any CPU.ActiveCfg = Debug|Any CPU
		{06D7F538-D35B-46D8-81B1-AE3B8ED8A822}.Debug|Any CPU.Build.0 = Debug|Any CPU
		{06D7F538-D35B-46D8-81B1-AE3B8ED8A822}.Release|Any CPU.ActiveCfg = Release|Any CPU
		{06D7F538-D35B-46D8-81B1-AE3B8ED8A822}.Release|Any CPU.Build.0 = Release|Any CPU
	EndGlobalSection
	GlobalSection(SolutionProperties) = preSolution
		HideSolutionNode = FALSE
	EndGlobalSection
	GlobalSection(ExtensibilityGlobals) = postSolution
		SolutionGuid = {16468666-4B5B-4504-9182-DC6B7DB8E99B}
	EndGlobalSection
EndGlobal
